
Microsoft Visual Studio Solution File, Format Version 12.00
# Visual Studio Version 17
VisualStudioVersion = 17.5.33530.505
MinimumVisualStudioVersion = 10.0.40219.1
Project("{9A19103F-16F7-4668-BE54-9A1E7A4F7556}") = "sk-csharp-azure-functions", "sk-csharp-azure-functions\sk-csharp-azure-functions.csproj", "{A3C12DC4-9448-4DFC-A8BA-6841F6236156}"
EndProject
Project("{9A19103F-16F7-4668-BE54-9A1E7A4F7556}") = "sk-chatgpt-azure-function", "sk-csharp-chatgpt-plugin\azure-function\sk-chatgpt-azure-function.csproj", "{2E21E690-D091-4116-BD9B-2B2049C84DFF}"
EndProject
Project("{9A19103F-16F7-4668-BE54-9A1E7A4F7556}") = "semantic-functions-generator", "sk-csharp-chatgpt-plugin\semantic-functions-generator\semantic-functions-generator.csproj", "{6F9921F1-CDD6-4173-8AE7-6416FF4EB847}"
EndProject
Project("{9A19103F-16F7-4668-BE54-9A1E7A4F7556}") = "sk-csharp-hello-world", "sk-csharp-hello-world\sk-csharp-hello-world.csproj", "{71EFD4A3-559B-47E9-8C18-CFF38C0DDA6F}"
EndProject
Project("{9A19103F-16F7-4668-BE54-9A1E7A4F7556}") = "sk-csharp-console-chat", "sk-csharp-console-chat\sk-csharp-console-chat.csproj", "{CA34788F-6FFC-42F8-A539-2692F912262F}"
EndProject
Project("{9A19103F-16F7-4668-BE54-9A1E7A4F7556}") = "sk_csharp_apim_demo", "sk_csharp_apim_demo\sk_csharp_apim_demo.csproj", "{FC9DF14A-6CCB-42FA-BE38-C61F87C06094}"
EndProject
Project("{9A19103F-16F7-4668-BE54-9A1E7A4F7556}") = "sk-typescript-console-chat", "sk-typescript-console-chat\sk-typescript-console-chat.csproj", "{9FEE5A32-69C2-4DEF-9179-BBCD80AB8317}"
EndProject
Project("{FAE04EC0-301F-11D3-BF4B-00C04F79EFBC}") = "ProductDocumentation", "sk-process-framework\ProductDocumentationDotnet\ProductDocumentation.csproj", "{AE3384DA-93B2-613B-911B-01B595DE0B42}"
EndProject
Global
	GlobalSection(SolutionConfigurationPlatforms) = preSolution
		Debug|Any CPU = Debug|Any CPU
		Release|Any CPU = Release|Any CPU
	EndGlobalSection
	GlobalSection(ProjectConfigurationPlatforms) = postSolution
		{A3C12DC4-9448-4DFC-A8BA-6841F6236156}.Debug|Any CPU.ActiveCfg = Debug|Any CPU
		{A3C12DC4-9448-4DFC-A8BA-6841F6236156}.Debug|Any CPU.Build.0 = Debug|Any CPU
		{A3C12DC4-9448-4DFC-A8BA-6841F6236156}.Release|Any CPU.ActiveCfg = Release|Any CPU
		{A3C12DC4-9448-4DFC-A8BA-6841F6236156}.Release|Any CPU.Build.0 = Release|Any CPU
		{2E21E690-D091-4116-BD9B-2B2049C84DFF}.Debug|Any CPU.ActiveCfg = Debug|Any CPU
		{2E21E690-D091-4116-BD9B-2B2049C84DFF}.Debug|Any CPU.Build.0 = Debug|Any CPU
		{2E21E690-D091-4116-BD9B-2B2049C84DFF}.Release|Any CPU.ActiveCfg = Release|Any CPU
		{2E21E690-D091-4116-BD9B-2B2049C84DFF}.Release|Any CPU.Build.0 = Release|Any CPU
		{6F9921F1-CDD6-4173-8AE7-6416FF4EB847}.Debug|Any CPU.ActiveCfg = Debug|Any CPU
		{6F9921F1-CDD6-4173-8AE7-6416FF4EB847}.Debug|Any CPU.Build.0 = Debug|Any CPU
		{6F9921F1-CDD6-4173-8AE7-6416FF4EB847}.Release|Any CPU.ActiveCfg = Release|Any CPU
		{6F9921F1-CDD6-4173-8AE7-6416FF4EB847}.Release|Any CPU.Build.0 = Release|Any CPU
		{71EFD4A3-559B-47E9-8C18-CFF38C0DDA6F}.Debug|Any CPU.ActiveCfg = Debug|Any CPU
		{71EFD4A3-559B-47E9-8C18-CFF38C0DDA6F}.Debug|Any CPU.Build.0 = Debug|Any CPU
		{71EFD4A3-559B-47E9-8C18-CFF38C0DDA6F}.Release|Any CPU.ActiveCfg = Release|Any CPU
		{71EFD4A3-559B-47E9-8C18-CFF38C0DDA6F}.Release|Any CPU.Build.0 = Release|Any CPU
		{CA34788F-6FFC-42F8-A539-2692F912262F}.Debug|Any CPU.ActiveCfg = Debug|Any CPU
		{CA34788F-6FFC-42F8-A539-2692F912262F}.Debug|Any CPU.Build.0 = Debug|Any CPU
		{CA34788F-6FFC-42F8-A539-2692F912262F}.Release|Any CPU.ActiveCfg = Release|Any CPU
		{CA34788F-6FFC-42F8-A539-2692F912262F}.Release|Any CPU.Build.0 = Release|Any CPU
		{FC9DF14A-6CCB-42FA-BE38-C61F87C06094}.Debug|Any CPU.ActiveCfg = Debug|Any CPU
		{FC9DF14A-6CCB-42FA-BE38-C61F87C06094}.Debug|Any CPU.Build.0 = Debug|Any CPU
		{FC9DF14A-6CCB-42FA-BE38-C61F87C06094}.Release|Any CPU.ActiveCfg = Release|Any CPU
		{FC9DF14A-6CCB-42FA-BE38-C61F87C06094}.Release|Any CPU.Build.0 = Release|Any CPU
		{9FEE5A32-69C2-4DEF-9179-BBCD80AB8317}.Debug|Any CPU.ActiveCfg = Debug|Any CPU
		{9FEE5A32-69C2-4DEF-9179-BBCD80AB8317}.Debug|Any CPU.Build.0 = Debug|Any CPU
		{9FEE5A32-69C2-4DEF-9179-BBCD80AB8317}.Release|Any CPU.ActiveCfg = Release|Any CPU
		{9FEE5A32-69C2-4DEF-9179-BBCD80AB8317}.Release|Any CPU.Build.0 = Release|Any CPU
		{AE3384DA-93B2-613B-911B-01B595DE0B42}.Debug|Any CPU.ActiveCfg = Debug|Any CPU
		{AE3384DA-93B2-613B-911B-01B595DE0B42}.Debug|Any CPU.Build.0 = Debug|Any CPU
		{AE3384DA-93B2-613B-911B-01B595DE0B42}.Release|Any CPU.ActiveCfg = Release|Any CPU
		{AE3384DA-93B2-613B-911B-01B595DE0B42}.Release|Any CPU.Build.0 = Release|Any CPU
	EndGlobalSection
	GlobalSection(SolutionProperties) = preSolution
		HideSolutionNode = FALSE
	EndGlobalSection
	GlobalSection(ExtensibilityGlobals) = postSolution
		SolutionGuid = {F272D9C5-D0BF-4098-BC3D-912F44310609}
	EndGlobalSection
EndGlobal
