
Microsoft Visual Studio Solution File, Format Version 12.00
# Visual Studio Version 17
VisualStudioVersion = 17.5.33530.505
MinimumVisualStudioVersion = 10.0.40219.1
Project("{9A19103F-16F7-4668-BE54-9A1E7A4F7556}") = "sk-csharp-azure-functions", "sk-csharp-azure-functions\sk-csharp-azure-functions.csproj", "{A3C12DC4-9448-4DFC-A8BA-6841F6236156}"
EndProject
Project("{9A19103F-16F7-4668-BE54-9A1E7A4F7556}") = "sk-csharp-hello-world", "sk-csharp-hello-world\sk-csharp-hello-world.csproj", "{71EFD4A3-559B-47E9-8C18-CFF38C0DDA6F}"
EndProject
Project("{9A19103F-16F7-4668-BE54-9A1E7A4F7556}") = "sk_csharp_apim_demo", "sk_csharp_apim_demo\sk_csharp_apim_demo.csproj", "{6BB7CD73-4B2E-42FB-8BF1-AABA2FAC44AA}"
EndProject
Global
	GlobalSection(SolutionConfigurationPlatforms) = preSolution
		Debug|Any CPU = Debug|Any CPU
		Release|Any CPU = Release|Any CPU
	EndGlobalSection
	GlobalSection(ProjectConfigurationPlatforms) = postSolution
		{A3C12DC4-9448-4DFC-A8BA-6841F6236156}.Debug|Any CPU.ActiveCfg = Debug|Any CPU
		{A3C12DC4-9448-4DFC-A8BA-6841F6236156}.Debug|Any CPU.Build.0 = Debug|Any CPU
		{A3C12DC4-9448-4DFC-A8BA-6841F6236156}.Release|Any CPU.ActiveCfg = Release|Any CPU
		{A3C12DC4-9448-4DFC-A8BA-6841F6236156}.Release|Any CPU.Build.0 = Release|Any CPU
		{71EFD4A3-559B-47E9-8C18-CFF38C0DDA6F}.Debug|Any CPU.ActiveCfg = Debug|Any CPU
		{71EFD4A3-559B-47E9-8C18-CFF38C0DDA6F}.Debug|Any CPU.Build.0 = Debug|Any CPU
		{71EFD4A3-559B-47E9-8C18-CFF38C0DDA6F}.Release|Any CPU.ActiveCfg = Release|Any CPU
		{71EFD4A3-559B-47E9-8C18-CFF38C0DDA6F}.Release|Any CPU.Build.0 = Release|Any CPU
		{6BB7CD73-4B2E-42FB-8BF1-AABA2FAC44AA}.Debug|Any CPU.ActiveCfg = Debug|Any CPU
		{6BB7CD73-4B2E-42FB-8BF1-AABA2FAC44AA}.Debug|Any CPU.Build.0 = Debug|Any CPU
		{6BB7CD73-4B2E-42FB-8BF1-AABA2FAC44AA}.Release|Any CPU.ActiveCfg = Release|Any CPU
		{6BB7CD73-4B2E-42FB-8BF1-AABA2FAC44AA}.Release|Any CPU.Build.0 = Release|Any CPU
	EndGlobalSection
	GlobalSection(SolutionProperties) = preSolution
		HideSolutionNode = FALSE
	EndGlobalSection
	GlobalSection(ExtensibilityGlobals) = postSolution
		SolutionGuid = {F272D9C5-D0BF-4098-BC3D-912F44310609}
	EndGlobalSection
EndGlobal
