
Microsoft Visual Studio Solution File, Format Version 12.00
# Visual Studio Version 17
VisualStudioVersion = 17.5.002.0
MinimumVisualStudioVersion = 10.0.40219.1
Project("{9A19103F-16F7-4668-BE54-9A1E7A4F7556}") = "sk-csharp-console-chat", "sk-csharp-console-chat.csproj", "{69D2E23A-F81E-4558-B539-4348E44AA8C3}"
EndProject
Global
	GlobalSection(SolutionConfigurationPlatforms) = preSolution
		Debug|Any CPU = Debug|Any CPU
		Release|Any CPU = Release|Any CPU
	EndGlobalSection
	GlobalSection(ProjectConfigurationPlatforms) = postSolution
		{69D2E23A-F81E-4558-B539-4348E44AA8C3}.Debug|Any CPU.ActiveCfg = Debug|Any CPU
		{69D2E23A-F81E-4558-B539-4348E44AA8C3}.Debug|Any CPU.Build.0 = Debug|Any CPU
		{69D2E23A-F81E-4558-B539-4348E44AA8C3}.Release|Any CPU.ActiveCfg = Release|Any CPU
		{69D2E23A-F81E-4558-B539-4348E44AA8C3}.Release|Any CPU.Build.0 = Release|Any CPU
	EndGlobalSection
	GlobalSection(SolutionProperties) = preSolution
		HideSolutionNode = FALSE
	EndGlobalSection
	GlobalSection(ExtensibilityGlobals) = postSolution
		SolutionGuid = {770A319D-2540-4F05-8B5D-0ACE7450BB8C}
	EndGlobalSection
EndGlobal
